
Microsoft Visual Studio Solution File, Format Version 12.00
# Visual Studio Version 16
VisualStudioVersion = 16.0.30114.105
MinimumVisualStudioVersion = 10.0.40219.1
Project("{FAE04EC0-301F-11D3-BF4B-00C04F79EFBC}") = "DeleteIt", "DeleteIt\DeleteIt.csproj", "{D85BFC95-AE1A-4865-BCD7-CAD6C9B47411}"
EndProject
Global
	GlobalSection(SolutionConfigurationPlatforms) = preSolution
		Debug|Any CPU = Debug|Any CPU
		Release|Any CPU = Release|Any CPU
	EndGlobalSection
	GlobalSection(ProjectConfigurationPlatforms) = postSolution
		{D85BFC95-AE1A-4865-BCD7-CAD6C9B47411}.Debug|Any CPU.ActiveCfg = Debug|Any CPU
		{D85BFC95-AE1A-4865-BCD7-CAD6C9B47411}.Debug|Any CPU.Build.0 = Debug|Any CPU
		{D85BFC95-AE1A-4865-BCD7-CAD6C9B47411}.Release|Any CPU.ActiveCfg = Release|Any CPU
		{D85BFC95-AE1A-4865-BCD7-CAD6C9B47411}.Release|Any CPU.Build.0 = Release|Any CPU
	EndGlobalSection
	GlobalSection(SolutionProperties) = preSolution
		HideSolutionNode = FALSE
	EndGlobalSection
	GlobalSection(ExtensibilityGlobals) = postSolution
		SolutionGuid = {B10A56A2-61FF-441E-B0E4-3C292E02EC35}
	EndGlobalSection
EndGlobal
